
Microsoft Visual Studio Solution File, Format Version 12.00
# Visual Studio Version 16
VisualStudioVersion = 16.0.30523.141
MinimumVisualStudioVersion = 10.0.40219.1
Project("{FAE04EC0-301F-11D3-BF4B-00C04F79EFBC}") = "MvcProje", "MvcProje\MvcProje.csproj", "{A17CF597-242A-4E75-AE7A-928D77B241F9}"
EndProject
Project("{FAE04EC0-301F-11D3-BF4B-00C04F79EFBC}") = "EntityLayer", "EntityLayer\EntityLayer.csproj", "{F107EA4A-7F95-40DA-B43B-90FE4F2EB5C1}"
EndProject
Project("{FAE04EC0-301F-11D3-BF4B-00C04F79EFBC}") = "DataAccessLayer", "DataAccessLayer\DataAccessLayer.csproj", "{399ABDB8-5667-4B9D-B431-23D870DD15A7}"
EndProject
Project("{FAE04EC0-301F-11D3-BF4B-00C04F79EFBC}") = "BusinessLayer", "BusinessLayer\BusinessLayer.csproj", "{1BE1418D-08D4-429A-87EA-F2DB93742CC9}"
EndProject
Global
	GlobalSection(SolutionConfigurationPlatforms) = preSolution
		Debug|Any CPU = Debug|Any CPU
		Release|Any CPU = Release|Any CPU
	EndGlobalSection
	GlobalSection(ProjectConfigurationPlatforms) = postSolution
		{A17CF597-242A-4E75-AE7A-928D77B241F9}.Debug|Any CPU.ActiveCfg = Debug|Any CPU
		{A17CF597-242A-4E75-AE7A-928D77B241F9}.Debug|Any CPU.Build.0 = Debug|Any CPU
		{A17CF597-242A-4E75-AE7A-928D77B241F9}.Release|Any CPU.ActiveCfg = Release|Any CPU
		{A17CF597-242A-4E75-AE7A-928D77B241F9}.Release|Any CPU.Build.0 = Release|Any CPU
		{F107EA4A-7F95-40DA-B43B-90FE4F2EB5C1}.Debug|Any CPU.ActiveCfg = Debug|Any CPU
		{F107EA4A-7F95-40DA-B43B-90FE4F2EB5C1}.Debug|Any CPU.Build.0 = Debug|Any CPU
		{F107EA4A-7F95-40DA-B43B-90FE4F2EB5C1}.Release|Any CPU.ActiveCfg = Release|Any CPU
		{F107EA4A-7F95-40DA-B43B-90FE4F2EB5C1}.Release|Any CPU.Build.0 = Release|Any CPU
		{399ABDB8-5667-4B9D-B431-23D870DD15A7}.Debug|Any CPU.ActiveCfg = Debug|Any CPU
		{399ABDB8-5667-4B9D-B431-23D870DD15A7}.Debug|Any CPU.Build.0 = Debug|Any CPU
		{399ABDB8-5667-4B9D-B431-23D870DD15A7}.Release|Any CPU.ActiveCfg = Release|Any CPU
		{399ABDB8-5667-4B9D-B431-23D870DD15A7}.Release|Any CPU.Build.0 = Release|Any CPU
		{1BE1418D-08D4-429A-87EA-F2DB93742CC9}.Debug|Any CPU.ActiveCfg = Debug|Any CPU
		{1BE1418D-08D4-429A-87EA-F2DB93742CC9}.Debug|Any CPU.Build.0 = Debug|Any CPU
		{1BE1418D-08D4-429A-87EA-F2DB93742CC9}.Release|Any CPU.ActiveCfg = Release|Any CPU
		{1BE1418D-08D4-429A-87EA-F2DB93742CC9}.Release|Any CPU.Build.0 = Release|Any CPU
	EndGlobalSection
	GlobalSection(SolutionProperties) = preSolution
		HideSolutionNode = FALSE
	EndGlobalSection
	GlobalSection(ExtensibilityGlobals) = postSolution
		SolutionGuid = {DDAF1789-4CD5-4443-ABC4-797551F7ED2C}
	EndGlobalSection
EndGlobal
